
Microsoft Visual Studio Solution File, Format Version 12.00
# Visual Studio Version 17
VisualStudioVersion = 17.5.33414.496
MinimumVisualStudioVersion = 10.0.40219.1
Project("{FAE04EC0-301F-11D3-BF4B-00C04F79EFBC}") = "SerilogGettingStarted", "SerilogGettingStarted\SerilogGettingStarted.csproj", "{0E4DADD3-AF2D-4504-87F0-C3F8B5D6463F}"
EndProject
Global
	GlobalSection(SolutionConfigurationPlatforms) = preSolution
		Debug|Any CPU = Debug|Any CPU
		Release|Any CPU = Release|Any CPU
	EndGlobalSection
	GlobalSection(ProjectConfigurationPlatforms) = postSolution
		{0E4DADD3-AF2D-4504-87F0-C3F8B5D6463F}.Debug|Any CPU.ActiveCfg = Debug|Any CPU
		{0E4DADD3-AF2D-4504-87F0-C3F8B5D6463F}.Debug|Any CPU.Build.0 = Debug|Any CPU
		{0E4DADD3-AF2D-4504-87F0-C3F8B5D6463F}.Release|Any CPU.ActiveCfg = Release|Any CPU
		{0E4DADD3-AF2D-4504-87F0-C3F8B5D6463F}.Release|Any CPU.Build.0 = Release|Any CPU
	EndGlobalSection
	GlobalSection(SolutionProperties) = preSolution
		HideSolutionNode = FALSE
	EndGlobalSection
	GlobalSection(ExtensibilityGlobals) = postSolution
		SolutionGuid = {4B80EB31-7C5C-400B-B063-CED89E5CAF2B}
	EndGlobalSection
EndGlobal
